
Microsoft Visual Studio Solution File, Format Version 12.00
# Visual Studio 15
VisualStudioVersion = 15.0.27004.2010
MinimumVisualStudioVersion = 10.0.40219.1
Project("{FAE04EC0-301F-11D3-BF4B-00C04F79EFBC}") = "ABMXml", "ABMXml\ABMXml.csproj", "{95FCDA13-9595-45C5-BBDF-9F7466B58500}"
EndProject
Global
	GlobalSection(SolutionConfigurationPlatforms) = preSolution
		Debug|Any CPU = Debug|Any CPU
		Release|Any CPU = Release|Any CPU
	EndGlobalSection
	GlobalSection(ProjectConfigurationPlatforms) = postSolution
		{95FCDA13-9595-45C5-BBDF-9F7466B58500}.Debug|Any CPU.ActiveCfg = Debug|Any CPU
		{95FCDA13-9595-45C5-BBDF-9F7466B58500}.Debug|Any CPU.Build.0 = Debug|Any CPU
		{95FCDA13-9595-45C5-BBDF-9F7466B58500}.Release|Any CPU.ActiveCfg = Release|Any CPU
		{95FCDA13-9595-45C5-BBDF-9F7466B58500}.Release|Any CPU.Build.0 = Release|Any CPU
	EndGlobalSection
	GlobalSection(SolutionProperties) = preSolution
		HideSolutionNode = FALSE
	EndGlobalSection
	GlobalSection(ExtensibilityGlobals) = postSolution
		SolutionGuid = {304A0BD5-EF1C-43EE-93CE-51E69FB29A2F}
	EndGlobalSection
EndGlobal
